
Microsoft Visual Studio Solution File, Format Version 12.00
# Visual Studio 2012
Project("{FAE04EC0-301F-11D3-BF4B-00C04F79EFBC}") = "1. Presentation Layer", "1. Presentation Layer\1. Presentation Layer.csproj", "{0492050F-F750-48E8-9D36-5471F7403DD6}"
EndProject
Project("{FAE04EC0-301F-11D3-BF4B-00C04F79EFBC}") = "2. Business Logic Layer", "2. Business Layer\2. Business Logic Layer.csproj", "{7819EDB5-6E4F-4EFE-85EE-F15D56EAF1DE}"
EndProject
Project("{FAE04EC0-301F-11D3-BF4B-00C04F79EFBC}") = "3. Data Access Layer", "3. Data Access Layer\3. Data Access Layer.csproj", "{1412872C-46CD-4334-B3F6-9F104C4047A0}"
EndProject
Global
	GlobalSection(SolutionConfigurationPlatforms) = preSolution
		Debug|Any CPU = Debug|Any CPU
		Release|Any CPU = Release|Any CPU
	EndGlobalSection
	GlobalSection(ProjectConfigurationPlatforms) = postSolution
		{0492050F-F750-48E8-9D36-5471F7403DD6}.Debug|Any CPU.ActiveCfg = Debug|Any CPU
		{0492050F-F750-48E8-9D36-5471F7403DD6}.Debug|Any CPU.Build.0 = Debug|Any CPU
		{0492050F-F750-48E8-9D36-5471F7403DD6}.Release|Any CPU.ActiveCfg = Release|Any CPU
		{0492050F-F750-48E8-9D36-5471F7403DD6}.Release|Any CPU.Build.0 = Release|Any CPU
		{7819EDB5-6E4F-4EFE-85EE-F15D56EAF1DE}.Debug|Any CPU.ActiveCfg = Debug|Any CPU
		{7819EDB5-6E4F-4EFE-85EE-F15D56EAF1DE}.Debug|Any CPU.Build.0 = Debug|Any CPU
		{7819EDB5-6E4F-4EFE-85EE-F15D56EAF1DE}.Release|Any CPU.ActiveCfg = Release|Any CPU
		{7819EDB5-6E4F-4EFE-85EE-F15D56EAF1DE}.Release|Any CPU.Build.0 = Release|Any CPU
		{1412872C-46CD-4334-B3F6-9F104C4047A0}.Debug|Any CPU.ActiveCfg = Debug|Any CPU
		{1412872C-46CD-4334-B3F6-9F104C4047A0}.Debug|Any CPU.Build.0 = Debug|Any CPU
		{1412872C-46CD-4334-B3F6-9F104C4047A0}.Release|Any CPU.ActiveCfg = Release|Any CPU
		{1412872C-46CD-4334-B3F6-9F104C4047A0}.Release|Any CPU.Build.0 = Release|Any CPU
	EndGlobalSection
	GlobalSection(SolutionProperties) = preSolution
		HideSolutionNode = FALSE
	EndGlobalSection
EndGlobal
